
Microsoft Visual Studio Solution File, Format Version 12.00
# Visual Studio Version 16
VisualStudioVersion = 16.0.31613.86
MinimumVisualStudioVersion = 10.0.40219.1
Project("{FAE04EC0-301F-11D3-BF4B-00C04F79EFBC}") = "ExchangeTypes", "ExchangeTypes.csproj", "{B79B4088-5A9E-40DF-AC2B-924F541627D7}"
EndProject
Global
	GlobalSection(SolutionConfigurationPlatforms) = preSolution
		Debug|Any CPU = Debug|Any CPU
		Release|Any CPU = Release|Any CPU
	EndGlobalSection
	GlobalSection(ProjectConfigurationPlatforms) = postSolution
		{B79B4088-5A9E-40DF-AC2B-924F541627D7}.Debug|Any CPU.ActiveCfg = Debug|Any CPU
		{B79B4088-5A9E-40DF-AC2B-924F541627D7}.Debug|Any CPU.Build.0 = Debug|Any CPU
		{B79B4088-5A9E-40DF-AC2B-924F541627D7}.Release|Any CPU.ActiveCfg = Release|Any CPU
		{B79B4088-5A9E-40DF-AC2B-924F541627D7}.Release|Any CPU.Build.0 = Release|Any CPU
	EndGlobalSection
	GlobalSection(SolutionProperties) = preSolution
		HideSolutionNode = FALSE
	EndGlobalSection
	GlobalSection(ExtensibilityGlobals) = postSolution
		SolutionGuid = {902D0614-9AF5-48BF-9728-0AD0275BF124}
	EndGlobalSection
EndGlobal
